
Microsoft Visual Studio Solution File, Format Version 12.00
# Visual Studio 15
VisualStudioVersion = 15.0.26430.14
MinimumVisualStudioVersion = 10.0.40219.1
Project("{FAE04EC0-301F-11D3-BF4B-00C04F79EFBC}") = "OorioVbAllAround", "OorioVbAllAround\OorioVbAllAround.csproj", "{3E93F73D-0A19-412C-9B72-6B25B4FC746D}"
EndProject
Project("{FAE04EC0-301F-11D3-BF4B-00C04F79EFBC}") = "OorioVbAllAround.Tests", "OorioVbAllAround.Tests\OorioVbAllAround.Tests.csproj", "{C689396D-28FA-4B71-97FE-E9062FBF735C}"
EndProject
Global
	GlobalSection(SolutionConfigurationPlatforms) = preSolution
		Debug|Any CPU = Debug|Any CPU
		Release|Any CPU = Release|Any CPU
	EndGlobalSection
	GlobalSection(ProjectConfigurationPlatforms) = postSolution
		{3E93F73D-0A19-412C-9B72-6B25B4FC746D}.Debug|Any CPU.ActiveCfg = Debug|Any CPU
		{3E93F73D-0A19-412C-9B72-6B25B4FC746D}.Debug|Any CPU.Build.0 = Debug|Any CPU
		{3E93F73D-0A19-412C-9B72-6B25B4FC746D}.Release|Any CPU.ActiveCfg = Release|Any CPU
		{3E93F73D-0A19-412C-9B72-6B25B4FC746D}.Release|Any CPU.Build.0 = Release|Any CPU
		{C689396D-28FA-4B71-97FE-E9062FBF735C}.Debug|Any CPU.ActiveCfg = Debug|Any CPU
		{C689396D-28FA-4B71-97FE-E9062FBF735C}.Debug|Any CPU.Build.0 = Debug|Any CPU
		{C689396D-28FA-4B71-97FE-E9062FBF735C}.Release|Any CPU.ActiveCfg = Release|Any CPU
		{C689396D-28FA-4B71-97FE-E9062FBF735C}.Release|Any CPU.Build.0 = Release|Any CPU
	EndGlobalSection
	GlobalSection(SolutionProperties) = preSolution
		HideSolutionNode = FALSE
	EndGlobalSection
EndGlobal
